
Microsoft Visual Studio Solution File, Format Version 12.00
# Visual Studio 2013
VisualStudioVersion = 12.0.31101.0
MinimumVisualStudioVersion = 10.0.40219.1
Project("{FAE04EC0-301F-11D3-BF4B-00C04F79EFBC}") = "PSO", "PSO\PSO.csproj", "{42FDC750-0B28-4412-BF10-3B3AC6D9E9C0}"
EndProject
Project("{2150E333-8FDC-42A3-9474-1A3956D46DE8}") = "Solution Items", "Solution Items", "{1447A7B2-19F0-464D-9FB5-BD30D83B4BE5}"
	ProjectSection(SolutionItems) = preProject
		PSO\PSO.licenseheader = PSO\PSO.licenseheader
	EndProjectSection
EndProject
Global
	GlobalSection(SolutionConfigurationPlatforms) = preSolution
		Debug|Any CPU = Debug|Any CPU
		Release|Any CPU = Release|Any CPU
	EndGlobalSection
	GlobalSection(ProjectConfigurationPlatforms) = postSolution
		{42FDC750-0B28-4412-BF10-3B3AC6D9E9C0}.Debug|Any CPU.ActiveCfg = Debug|Any CPU
		{42FDC750-0B28-4412-BF10-3B3AC6D9E9C0}.Debug|Any CPU.Build.0 = Debug|Any CPU
		{42FDC750-0B28-4412-BF10-3B3AC6D9E9C0}.Release|Any CPU.ActiveCfg = Release|Any CPU
		{42FDC750-0B28-4412-BF10-3B3AC6D9E9C0}.Release|Any CPU.Build.0 = Release|Any CPU
	EndGlobalSection
	GlobalSection(SolutionProperties) = preSolution
		HideSolutionNode = FALSE
	EndGlobalSection
EndGlobal
